# This file is automatically @generated by Cargo.
# It is not intended for manual editing.
version = 4

[[package]]
name = "application"
version = "0.1.0"
dependencies = [
 "persistence_adaptor",
]

[[package]]
name = "gateway"
version = "0.1.0"
dependencies = [
 "persistence_adaptor",
]

[[package]]
name = "persistence_adaptor"
version = "0.1.0"
